// !$*UTF8*$!
{
	archiveVersion = 1;
	classes = {
	};
	objectVersion = 50;
	objects = {

/* Begin PBXBuildFile section */
		ED799C3F25A78F300005B561 /* AppDelegate.swift in Sources */ = {isa = PBXBuildFile; fileRef = ED799C3E25A78F300005B561 /* AppDelegate.swift */; };
		ED799C4125A78F300005B561 /* SceneDelegate.swift in Sources */ = {isa = PBXBuildFile; fileRef = ED799C4025A78F300005B561 /* SceneDelegate.swift */; };
		ED799C4325A78F300005B561 /* ViewController.swift in Sources */ = {isa = PBXBuildFile; fileRef = ED799C4225A78F300005B561 /* ViewController.swift */; };
		ED799C4625A78F300005B561 /* Main.storyboard in Resources */ = {isa = PBXBuildFile; fileRef = ED799C4425A78F300005B561 /* Main.storyboard */; };
		ED799C4825A78F340005B561 /* Assets.xcassets in Resources */ = {isa = PBXBuildFile; fileRef = ED799C4725A78F340005B561 /* Assets.xcassets */; };
		ED799C4B25A78F340005B561 /* LaunchScreen.storyboard in Resources */ = {isa = PBXBuildFile; fileRef = ED799C4925A78F340005B561 /* LaunchScreen.storyboard */; };
		ED799C5325A792C40005B561 /* TableViewController.swift in Sources */ = {isa = PBXBuildFile; fileRef = ED799C5225A792C40005B561 /* TableViewController.swift */; };
		ED799C5525A792F20005B561 /* CollectionViewController.swift in Sources */ = {isa = PBXBuildFile; fileRef = ED799C5425A792F20005B561 /* CollectionViewController.swift */; };
		ED799C5725A793230005B561 /* DetailViewController.swift in Sources */ = {isa = PBXBuildFile; fileRef = ED799C5625A793230005B561 /* DetailViewController.swift */; };
		ED799C5A25A798980005B561 /* UIImage+Extensions.swift in Sources */ = {isa = PBXBuildFile; fileRef = ED799C5925A798980005B561 /* UIImage+Extensions.swift */; };
		ED799C5C25A898200005B561 /* StarWarsCharacters.swift in Sources */ = {isa = PBXBuildFile; fileRef = ED799C5B25A898200005B561 /* StarWarsCharacters.swift */; };
		ED799C5E25A99BCC0005B561 /* CustomViewCell.swift in Sources */ = {isa = PBXBuildFile; fileRef = ED799C5D25A99BCC0005B561 /* CustomViewCell.swift */; };
/* End PBXBuildFile section */

/* Begin PBXFileReference section */
		ED799C3B25A78F300005B561 /* StarWarsAPI.app */ = {isa = PBXFileReference; explicitFileType = wrapper.application; includeInIndex = 0; path = StarWarsAPI.app; sourceTree = BUILT_PRODUCTS_DIR; };
		ED799C3E25A78F300005B561 /* AppDelegate.swift */ = {isa = PBXFileReference; lastKnownFileType = sourcecode.swift; path = AppDelegate.swift; sourceTree = "<group>"; };
		ED799C4025A78F300005B561 /* SceneDelegate.swift */ = {isa = PBXFileReference; lastKnownFileType = sourcecode.swift; path = SceneDelegate.swift; sourceTree = "<group>"; };
		ED799C4225A78F300005B561 /* ViewController.swift */ = {isa = PBXFileReference; lastKnownFileType = sourcecode.swift; path = ViewController.swift; sourceTree = "<group>"; };
		ED799C4525A78F300005B561 /* Base */ = {isa = PBXFileReference; lastKnownFileType = file.storyboard; name = Base; path = Base.lproj/Main.storyboard; sourceTree = "<group>"; };
		ED799C4725A78F340005B561 /* Assets.xcassets */ = {isa = PBXFileReference; lastKnownFileType = folder.assetcatalog; path = Assets.xcassets; sourceTree = "<group>"; };
		ED799C4A25A78F340005B561 /* Base */ = {isa = PBXFileReference; lastKnownFileType = file.storyboard; name = Base; path = Base.lproj/LaunchScreen.storyboard; sourceTree = "<group>"; };
		ED799C4C25A78F340005B561 /* Info.plist */ = {isa = PBXFileReference; lastKnownFileType = text.plist.xml; path = Info.plist; sourceTree = "<group>"; };
		ED799C5225A792C40005B561 /* TableViewController.swift */ = {isa = PBXFileReference; lastKnownFileType = sourcecode.swift; path = TableViewController.swift; sourceTree = "<group>"; };
		ED799C5425A792F20005B561 /* CollectionViewController.swift */ = {isa = PBXFileReference; lastKnownFileType = sourcecode.swift; path = CollectionViewController.swift; sourceTree = "<group>"; };
		ED799C5625A793230005B561 /* DetailViewController.swift */ = {isa = PBXFileReference; lastKnownFileType = sourcecode.swift; path = DetailViewController.swift; sourceTree = "<group>"; };
		ED799C5925A798980005B561 /* UIImage+Extensions.swift */ = {isa = PBXFileReference; lastKnownFileType = sourcecode.swift; path = "UIImage+Extensions.swift"; sourceTree = "<group>"; };
		ED799C5B25A898200005B561 /* StarWarsCharacters.swift */ = {isa = PBXFileReference; lastKnownFileType = sourcecode.swift; path = StarWarsCharacters.swift; sourceTree = "<group>"; };
		ED799C5D25A99BCC0005B561 /* CustomViewCell.swift */ = {isa = PBXFileReference; lastKnownFileType = sourcecode.swift; path = CustomViewCell.swift; sourceTree = "<group>"; };
/* End PBXFileReference section */

/* Begin PBXFrameworksBuildPhase section */
		ED799C3825A78F300005B561 /* Frameworks */ = {
			isa = PBXFrameworksBuildPhase;
			buildActionMask = 2147483647;
			files = (
			);
			runOnlyForDeploymentPostprocessing = 0;
		};
/* End PBXFrameworksBuildPhase section */

/* Begin PBXGroup section */
		ED799C3225A78F300005B561 = {
			isa = PBXGroup;
			children = (
				ED799C3D25A78F300005B561 /* StarWarsAPI */,
				ED799C3C25A78F300005B561 /* Products */,
			);
			sourceTree = "<group>";
		};
		ED799C3C25A78F300005B561 /* Products */ = {
			isa = PBXGroup;
			children = (
				ED799C3B25A78F300005B561 /* StarWarsAPI.app */,
			);
			name = Products;
			sourceTree = "<group>";
		};
		ED799C3D25A78F300005B561 /* StarWarsAPI */ = {
			isa = PBXGroup;
			children = (
				ED799C5825A798560005B561 /* Exentions */,
				ED799C3E25A78F300005B561 /* AppDelegate.swift */,
				ED799C4025A78F300005B561 /* SceneDelegate.swift */,
				ED799C4225A78F300005B561 /* ViewController.swift */,
				ED799C5225A792C40005B561 /* TableViewController.swift */,
				ED799C5425A792F20005B561 /* CollectionViewController.swift */,
				ED799C5625A793230005B561 /* DetailViewController.swift */,
				ED799C4425A78F300005B561 /* Main.storyboard */,
				ED799C4725A78F340005B561 /* Assets.xcassets */,
				ED799C4925A78F340005B561 /* LaunchScreen.storyboard */,
				ED799C4C25A78F340005B561 /* Info.plist */,
				ED799C5B25A898200005B561 /* StarWarsCharacters.swift */,
				ED799C5D25A99BCC0005B561 /* CustomViewCell.swift */,
			);
			path = StarWarsAPI;
			sourceTree = "<group>";
		};
		ED799C5825A798560005B561 /* Exentions */ = {
			isa = PBXGroup;
			children = (
				ED799C5925A798980005B561 /* UIImage+Extensions.swift */,
			);
			path = Exentions;
			sourceTree = "<group>";
		};
/* End PBXGroup section */

/* Begin PBXNativeTarget section */
		ED799C3A25A78F300005B561 /* StarWarsAPI */ = {
			isa = PBXNativeTarget;
			buildConfigurationList = ED799C4F25A78F340005B561 /* Build configuration list for PBXNativeTarget "StarWarsAPI" */;
			buildPhases = (
				ED799C3725A78F300005B561 /* Sources */,
				ED799C3825A78F300005B561 /* Frameworks */,
				ED799C3925A78F300005B561 /* Resources */,
			);
			buildRules = (
			);
			dependencies = (
			);
			name = StarWarsAPI;
			productName = StarWarsAPI;
			productReference = ED799C3B25A78F300005B561 /* StarWarsAPI.app */;
			productType = "com.apple.product-type.application";
		};
/* End PBXNativeTarget section */

/* Begin PBXProject section */
		ED799C3325A78F300005B561 /* Project object */ = {
			isa = PBXProject;
			attributes = {
				LastSwiftUpdateCheck = 1110;
				LastUpgradeCheck = 1110;
				ORGANIZATIONNAME = Westcostyle;
				TargetAttributes = {
					ED799C3A25A78F300005B561 = {
						CreatedOnToolsVersion = 11.1;
					};
				};
			};
			buildConfigurationList = ED799C3625A78F300005B561 /* Build configuration list for PBXProject "StarWarsAPI" */;
			compatibilityVersion = "Xcode 9.3";
			developmentRegion = en;
			hasScannedForEncodings = 0;
			knownRegions = (
				en,
				Base,
			);
			mainGroup = ED799C3225A78F300005B561;
			productRefGroup = ED799C3C25A78F300005B561 /* Products */;
			projectDirPath = "";
			projectRoot = "";
			targets = (
				ED799C3A25A78F300005B561 /* StarWarsAPI */,
			);
		};
/* End PBXProject section */

/* Begin PBXResourcesBuildPhase section */
		ED799C3925A78F300005B561 /* Resources */ = {
			isa = PBXResourcesBuildPhase;
			buildActionMask = 2147483647;
			files = (
				ED799C4B25A78F340005B561 /* LaunchScreen.storyboard in Resources */,
				ED799C4825A78F340005B561 /* Assets.xcassets in Resources */,
				ED799C4625A78F300005B561 /* Main.storyboard in Resources */,
			);
			runOnlyForDeploymentPostprocessing = 0;
		};
/* End PBXResourcesBuildPhase section */

/* Begin PBXSourcesBuildPhase section */
		ED799C3725A78F300005B561 /* Sources */ = {
			isa = PBXSourcesBuildPhase;
			buildActionMask = 2147483647;
			files = (
				ED799C4325A78F300005B561 /* ViewController.swift in Sources */,
				ED799C3F25A78F300005B561 /* AppDelegate.swift in Sources */,
				ED799C5C25A898200005B561 /* StarWarsCharacters.swift in Sources */,
				ED799C4125A78F300005B561 /* SceneDelegate.swift in Sources */,
				ED799C5A25A798980005B561 /* UIImage+Extensions.swift in Sources */,
				ED799C5725A793230005B561 /* DetailViewController.swift in Sources */,
				ED799C5325A792C40005B561 /* TableViewController.swift in Sources */,
				ED799C5E25A99BCC0005B561 /* CustomViewCell.swift in Sources */,
				ED799C5525A792F20005B561 /* CollectionViewController.swift in Sources */,
			);
			runOnlyForDeploymentPostprocessing = 0;
		};
/* End PBXSourcesBuildPhase section */

/* Begin PBXVariantGroup section */
		ED799C4425A78F300005B561 /* Main.storyboard */ = {
			isa = PBXVariantGroup;
			children = (
				ED799C4525A78F300005B561 /* Base */,
			);
			name = Main.storyboard;
			sourceTree = "<group>";
		};
		ED799C4925A78F340005B561 /* LaunchScreen.storyboard */ = {
			isa = PBXVariantGroup;
			children = (
				ED799C4A25A78F340005B561 /* Base */,
			);
			name = LaunchScreen.storyboard;
			sourceTree = "<group>";
		};
/* End PBXVariantGroup section */

/* Begin XCBuildConfiguration section */
		ED799C4D25A78F340005B561 /* Debug */ = {
			isa = XCBuildConfiguration;
			buildSettings = {
				ALWAYS_SEARCH_USER_PATHS = NO;
				CLANG_ANALYZER_NONNULL = YES;
				CLANG_ANALYZER_NUMBER_OBJECT_CONVERSION = YES_AGGRESSIVE;
				CLANG_CXX_LANGUAGE_STANDARD = "gnu++14";
				CLANG_CXX_LIBRARY = "libc++";
				CLANG_ENABLE_MODULES = YES;
				CLANG_ENABLE_OBJC_ARC = YES;
				CLANG_ENABLE_OBJC_WEAK = YES;
				CLANG_WARN_BLOCK_CAPTURE_AUTORELEASING = YES;
				CLANG_WARN_BOOL_CONVERSION = YES;
				CLANG_WARN_COMMA = YES;
				CLANG_WARN_CONSTANT_CONVERSION = YES;
				CLANG_WARN_DEPRECATED_OBJC_IMPLEMENTATIONS = YES;
				CLANG_WARN_DIRECT_OBJC_ISA_USAGE = YES_ERROR;
				CLANG_WARN_DOCUMENTATION_COMMENTS = YES;
				CLANG_WARN_EMPTY_BODY = YES;
				CLANG_WARN_ENUM_CONVERSION = YES;
				CLANG_WARN_INFINITE_RECURSION = YES;
				CLANG_WARN_INT_CONVERSION = YES;
				CLANG_WARN_NON_LITERAL_NULL_CONVERSION = YES;
				CLANG_WARN_OBJC_IMPLICIT_RETAIN_SELF = YES;
				CLANG_WARN_OBJC_LITERAL_CONVERSION = YES;
				CLANG_WARN_OBJC_ROOT_CLASS = YES_ERROR;
				CLANG_WARN_RANGE_LOOP_ANALYSIS = YES;
				CLANG_WARN_STRICT_PROTOTYPES = YES;
				CLANG_WARN_SUSPICIOUS_MOVE = YES;
				CLANG_WARN_UNGUARDED_AVAILABILITY = YES_AGGRESSIVE;
				CLANG_WARN_UNREACHABLE_CODE = YES;
				CLANG_WARN__DUPLICATE_METHOD_MATCH = YES;
				COPY_PHASE_STRIP = NO;
				DEBUG_INFORMATION_FORMAT = dwarf;
				ENABLE_STRICT_OBJC_MSGSEND = YES;
				ENABLE_TESTABILITY = YES;
				GCC_C_LANGUAGE_STANDARD = gnu11;
				GCC_DYNAMIC_NO_PIC = NO;
				GCC_NO_COMMON_BLOCKS = YES;
				GCC_OPTIMIZATION_LEVEL = 0;
				GCC_PREPROCESSOR_DEFINITIONS = (
					"DEBUG=1",
					"$(inherited)",
				);
				GCC_WARN_64_TO_32_BIT_CONVERSION = YES;
				GCC_WARN_ABOUT_RETURN_TYPE = YES_ERROR;
				GCC_WARN_UNDECLARED_SELECTOR = YES;
				GCC_WARN_UNINITIALIZED_AUTOS = YES_AGGRESSIVE;
				GCC_WARN_UNUSED_FUNCTION = YES;
				GCC_WARN_UNUSED_VARIABLE = YES;
				IPHONEOS_DEPLOYMENT_TARGET = 13.1;
				MTL_ENABLE_DEBUG_INFO = INCLUDE_SOURCE;
				MTL_FAST_MATH = YES;
				ONLY_ACTIVE_ARCH = YES;
				SDKROOT = iphoneos;
				SWIFT_ACTIVE_COMPILATION_CONDITIONS = DEBUG;
				SWIFT_OPTIMIZATION_LEVEL = "-Onone";
			};
			name = Debug;
		};
		ED799C4E25A78F340005B561 /* Release */ = {
			isa = XCBuildConfiguration;
			buildSettings = {
				ALWAYS_SEARCH_USER_PATHS = NO;
				CLANG_ANALYZER_NONNULL = YES;
				CLANG_ANALYZER_NUMBER_OBJECT_CONVERSION = YES_AGGRESSIVE;
				CLANG_CXX_LANGUAGE_STANDARD = "gnu++14";
				CLANG_CXX_LIBRARY = "libc++";
				CLANG_ENABLE_MODULES = YES;
				CLANG_ENABLE_OBJC_ARC = YES;
				CLANG_ENABLE_OBJC_WEAK = YES;
				CLANG_WARN_BLOCK_CAPTURE_AUTORELEASING = YES;
				CLANG_WARN_BOOL_CONVERSION = YES;
				CLANG_WARN_COMMA = YES;
				CLANG_WARN_CONSTANT_CONVERSION = YES;
				CLANG_WARN_DEPRECATED_OBJC_IMPLEMENTATIONS = YES;
				CLANG_WARN_DIRECT_OBJC_ISA_USAGE = YES_ERROR;
				CLANG_WARN_DOCUMENTATION_COMMENTS = YES;
				CLANG_WARN_EMPTY_BODY = YES;
				CLANG_WARN_ENUM_CONVERSION = YES;
				CLANG_WARN_INFINITE_RECURSION = YES;
				CLANG_WARN_INT_CONVERSION = YES;
				CLANG_WARN_NON_LITERAL_NULL_CONVERSION = YES;
				CLANG_WARN_OBJC_IMPLICIT_RETAIN_SELF = YES;
				CLANG_WARN_OBJC_LITERAL_CONVERSION = YES;
				CLANG_WARN_OBJC_ROOT_CLASS = YES_ERROR;
				CLANG_WARN_RANGE_LOOP_ANALYSIS = YES;
				CLANG_WARN_STRICT_PROTOTYPES = YES;
				CLANG_WARN_SUSPICIOUS_MOVE = YES;
				CLANG_WARN_UNGUARDED_AVAILABILITY = YES_AGGRESSIVE;
				CLANG_WARN_UNREACHABLE_CODE = YES;
				CLANG_WARN__DUPLICATE_METHOD_MATCH = YES;
				COPY_PHASE_STRIP = NO;
				DEBUG_INFORMATION_FORMAT = "dwarf-with-dsym";
				ENABLE_NS_ASSERTIONS = NO;
				ENABLE_STRICT_OBJC_MSGSEND = YES;
				GCC_C_LANGUAGE_STANDARD = gnu11;
				GCC_NO_COMMON_BLOCKS = YES;
				GCC_WARN_64_TO_32_BIT_CONVERSION = YES;
				GCC_WARN_ABOUT_RETURN_TYPE = YES_ERROR;
				GCC_WARN_UNDECLARED_SELECTOR = YES;
				GCC_WARN_UNINITIALIZED_AUTOS = YES_AGGRESSIVE;
				GCC_WARN_UNUSED_FUNCTION = YES;
				GCC_WARN_UNUSED_VARIABLE = YES;
				IPHONEOS_DEPLOYMENT_TARGET = 13.1;
				MTL_ENABLE_DEBUG_INFO = NO;
				MTL_FAST_MATH = YES;
				SDKROOT = iphoneos;
				SWIFT_COMPILATION_MODE = wholemodule;
				SWIFT_OPTIMIZATION_LEVEL = "-O";
				VALIDATE_PRODUCT = YES;
			};
			name = Release;
		};
		ED799C5025A78F340005B561 /* Debug */ = {
			isa = XCBuildConfiguration;
			buildSettings = {
				ASSETCATALOG_COMPILER_APPICON_NAME = AppIcon;
				CODE_SIGN_STYLE = Automatic;
				INFOPLIST_FILE = StarWarsAPI/Info.plist;
				IPHONEOS_DEPLOYMENT_TARGET = 13.0;
				LD_RUNPATH_SEARCH_PATHS = (
					"$(inherited)",
					"@executable_path/Frameworks",
				);
				PRODUCT_BUNDLE_IDENTIFIER = go.westcostyle.StarWarsAPI;
				PRODUCT_NAME = "$(TARGET_NAME)";
				SWIFT_VERSION = 5.0;
				TARGETED_DEVICE_FAMILY = "1,2";
			};
			name = Debug;
		};
		ED799C5125A78F340005B561 /* Release */ = {
			isa = XCBuildConfiguration;
			buildSettings = {
				ASSETCATALOG_COMPILER_APPICON_NAME = AppIcon;
				CODE_SIGN_STYLE = Automatic;
				INFOPLIST_FILE = StarWarsAPI/Info.plist;
				IPHONEOS_DEPLOYMENT_TARGET = 13.0;
				LD_RUNPATH_SEARCH_PATHS = (
					"$(inherited)",
					"@executable_path/Frameworks",
				);
				PRODUCT_BUNDLE_IDENTIFIER = go.westcostyle.StarWarsAPI;
				PRODUCT_NAME = "$(TARGET_NAME)";
				SWIFT_VERSION = 5.0;
				TARGETED_DEVICE_FAMILY = "1,2";
			};
			name = Release;
		};
/* End XCBuildConfiguration section */

/* Begin XCConfigurationList section */
		ED799C3625A78F300005B561 /* Build configuration list for PBXProject "StarWarsAPI" */ = {
			isa = XCConfigurationList;
			buildConfigurations = (
				ED799C4D25A78F340005B561 /* Debug */,
				ED799C4E25A78F340005B561 /* Release */,
			);
			defaultConfigurationIsVisible = 0;
			defaultConfigurationName = Release;
		};
		ED799C4F25A78F340005B561 /* Build configuration list for PBXNativeTarget "StarWarsAPI" */ = {
			isa = XCConfigurationList;
			buildConfigurations = (
				ED799C5025A78F340005B561 /* Debug */,
				ED799C5125A78F340005B561 /* Release */,
			);
			defaultConfigurationIsVisible = 0;
			defaultConfigurationName = Release;
		};
/* End XCConfigurationList section */
	};
	rootObject = ED799C3325A78F300005B561 /* Project object */;
}
